#MicroXplorer Configuration settings - do not modify
CAD.formats=
CAD.pinconfig=
CAD.provider=
Dma.Request0=UART4_RX
Dma.Request1=UART5_RX
Dma.Request2=USART2_RX
Dma.RequestsNb=3
Dma.UART4_RX.0.Direction=DMA_PERIPH_TO_MEMORY
Dma.UART4_RX.0.FIFOMode=DMA_FIFOMODE_DISABLE
Dma.UART4_RX.0.Instance=DMA1_Stream2
Dma.UART4_RX.0.MemDataAlignment=DMA_MDATAALIGN_BYTE
Dma.UART4_RX.0.MemInc=DMA_MINC_ENABLE
Dma.UART4_RX.0.Mode=DMA_NORMAL
Dma.UART4_RX.0.PeriphDataAlignment=DMA_PDATAALIGN_BYTE
Dma.UART4_RX.0.PeriphInc=DMA_PINC_DISABLE
Dma.UART4_RX.0.Priority=DMA_PRIORITY_LOW
Dma.UART4_RX.0.RequestParameters=Instance,Direction,PeriphInc,MemInc,PeriphDataAlignment,MemDataAlignment,Mode,Priority,FIFOMode
Dma.UART5_RX.1.Direction=DMA_PERIPH_TO_MEMORY
Dma.UART5_RX.1.FIFOMode=DMA_FIFOMODE_DISABLE
Dma.UART5_RX.1.Instance=DMA1_Stream0
Dma.UART5_RX.1.MemDataAlignment=DMA_MDATAALIGN_BYTE
Dma.UART5_RX.1.MemInc=DMA_MINC_ENABLE
Dma.UART5_RX.1.Mode=DMA_NORMAL
Dma.UART5_RX.1.PeriphDataAlignment=DMA_PDATAALIGN_BYTE
Dma.UART5_RX.1.PeriphInc=DMA_PINC_DISABLE
Dma.UART5_RX.1.Priority=DMA_PRIORITY_LOW
Dma.UART5_RX.1.RequestParameters=Instance,Direction,PeriphInc,MemInc,PeriphDataAlignment,MemDataAlignment,Mode,Priority,FIFOMode
Dma.USART2_RX.2.Direction=DMA_PERIPH_TO_MEMORY
Dma.USART2_RX.2.FIFOMode=DMA_FIFOMODE_DISABLE
Dma.USART2_RX.2.Instance=DMA1_Stream5
Dma.USART2_RX.2.MemDataAlignment=DMA_MDATAALIGN_BYTE
Dma.USART2_RX.2.MemInc=DMA_MINC_ENABLE
Dma.USART2_RX.2.Mode=DMA_NORMAL
Dma.USART2_RX.2.PeriphDataAlignment=DMA_PDATAALIGN_BYTE
Dma.USART2_RX.2.PeriphInc=DMA_PINC_DISABLE
Dma.USART2_RX.2.Priority=DMA_PRIORITY_LOW
Dma.USART2_RX.2.RequestParameters=Instance,Direction,PeriphInc,MemInc,PeriphDataAlignment,MemDataAlignment,Mode,Priority,FIFOMode
FREERTOS.FootprintOK=true
FREERTOS.INCLUDE_vTaskDelayUntil=1
FREERTOS.IPParameters=Tasks01,configTOTAL_HEAP_SIZE,FootprintOK,INCLUDE_vTaskDelayUntil
FREERTOS.Tasks01=ControlTask,3,1024,ControlTask_Function,As weak,NULL,Dynamic,NULL,NULL;PressureTask,-3,128,PressureTask_Function,As weak,NULL,Dynamic,NULL,NULL;MessageTask,2,1024,MessageTask_Function,As weak,NULL,Dynamic,NULL,NULL;LedTask,-3,128,LedTask_Function,As weak,NULL,Dynamic,NULL,NULL;ImuTask,2,1024,ImuTask_Function,As weak,NULL,Dynamic,NULL,NULL;SensorTask,2,512,SensorTask_Function,As weak,NULL,Dynamic,NULL,NULL
FREERTOS.configTOTAL_HEAP_SIZE=30000
File.Version=6
GPIO.groupedBy=Group By Peripherals
IWDG.IPParameters=Prescaler,Reload
IWDG.Prescaler=IWDG_PRESCALER_32
IWDG.Reload=3000
KeepUserPlacement=false
Mcu.CPN=STM32F407ZGT6
Mcu.Family=STM32F4
Mcu.IP0=DMA
Mcu.IP1=FREERTOS
Mcu.IP10=TIM4
Mcu.IP11=UART4
Mcu.IP12=UART5
Mcu.IP13=USART1
Mcu.IP14=USART2
Mcu.IP2=IWDG
Mcu.IP3=NVIC
Mcu.IP4=RCC
Mcu.IP5=SPI1
Mcu.IP6=SYS
Mcu.IP7=TIM1
Mcu.IP8=TIM2
Mcu.IP9=TIM3
Mcu.IPNb=15
Mcu.Name=STM32F407Z(E-G)Tx
Mcu.Package=LQFP144
Mcu.Pin0=PH0-OSC_IN
Mcu.Pin1=PH1-OSC_OUT
Mcu.Pin10=PB1
Mcu.Pin11=PE10
Mcu.Pin12=PE11
Mcu.Pin13=PE12
Mcu.Pin14=PD12
Mcu.Pin15=PD13
Mcu.Pin16=PD14
Mcu.Pin17=PD15
Mcu.Pin18=PC6
Mcu.Pin19=PC7
Mcu.Pin2=PA0-WKUP
Mcu.Pin20=PA9
Mcu.Pin21=PA10
Mcu.Pin22=PA13
Mcu.Pin23=PA14
Mcu.Pin24=PC11
Mcu.Pin25=PC12
Mcu.Pin26=PD2
Mcu.Pin27=PD5
Mcu.Pin28=PD6
Mcu.Pin29=PG10
Mcu.Pin3=PA1
Mcu.Pin30=PG11
Mcu.Pin31=VP_FREERTOS_VS_CMSIS_V1
Mcu.Pin32=VP_IWDG_VS_IWDG
Mcu.Pin33=VP_SYS_VS_tim7
Mcu.Pin34=VP_TIM1_VS_ClockSourceINT
Mcu.Pin4=PA2
Mcu.Pin5=PA4
Mcu.Pin6=PA5
Mcu.Pin7=PA6
Mcu.Pin8=PA7
Mcu.Pin9=PB0
Mcu.PinsNb=35
Mcu.ThirdPartyNb=0
Mcu.UserConstants=
Mcu.UserName=STM32F407ZGTx
MxCube.Version=6.8.0
MxDb.Version=DB.6.0.80
NVIC.BusFault_IRQn=true\:0\:0\:false\:false\:true\:false\:false\:false\:false
NVIC.DMA1_Stream0_IRQn=true\:5\:0\:true\:false\:true\:false\:false\:true\:true
NVIC.DMA1_Stream2_IRQn=true\:5\:0\:true\:false\:true\:false\:false\:true\:true
NVIC.DMA1_Stream5_IRQn=true\:5\:0\:true\:false\:true\:false\:false\:true\:true
NVIC.DebugMonitor_IRQn=true\:0\:0\:false\:false\:true\:false\:false\:false\:false
NVIC.ForceEnableDMAVector=true
NVIC.HardFault_IRQn=true\:0\:0\:false\:false\:true\:false\:false\:false\:false
NVIC.MemoryManagement_IRQn=true\:0\:0\:false\:false\:true\:false\:false\:false\:false
NVIC.NonMaskableInt_IRQn=true\:0\:0\:false\:false\:true\:false\:false\:false\:false
NVIC.PendSV_IRQn=true\:15\:0\:false\:false\:false\:true\:false\:false\:false
NVIC.PriorityGroup=NVIC_PRIORITYGROUP_4
NVIC.SVCall_IRQn=true\:0\:0\:false\:false\:false\:false\:false\:false\:false
NVIC.SavedPendsvIrqHandlerGenerated=true
NVIC.SavedSvcallIrqHandlerGenerated=true
NVIC.SavedSystickIrqHandlerGenerated=true
NVIC.SysTick_IRQn=true\:15\:0\:false\:false\:false\:true\:false\:true\:false
NVIC.TIM7_IRQn=true\:0\:0\:false\:false\:true\:false\:false\:true\:true
NVIC.TimeBase=TIM7_IRQn
NVIC.TimeBaseIP=TIM7
NVIC.UART4_IRQn=true\:5\:0\:true\:false\:true\:false\:true\:true\:true
NVIC.UART5_IRQn=true\:5\:0\:true\:false\:true\:false\:true\:true\:true
NVIC.USART2_IRQn=true\:5\:0\:true\:false\:true\:false\:true\:true\:true
NVIC.UsageFault_IRQn=true\:0\:0\:false\:false\:true\:false\:false\:false\:false
PA0-WKUP.Locked=true
PA0-WKUP.Mode=Asynchronous
PA0-WKUP.Signal=UART4_TX
PA1.Signal=S_TIM2_CH2
PA10.Mode=Asynchronous
PA10.Signal=USART1_RX
PA13.Mode=Serial_Wire
PA13.Signal=SYS_JTMS-SWDIO
PA14.Mode=Serial_Wire
PA14.Signal=SYS_JTCK-SWCLK
PA2.Signal=S_TIM2_CH3
PA4.GPIOParameters=GPIO_Label
PA4.GPIO_Label=MS5803_CS
PA4.Locked=true
PA4.Signal=GPIO_Output
PA5.Mode=Full_Duplex_Master
PA5.Signal=SPI1_SCK
PA6.Mode=Full_Duplex_Master
PA6.Signal=SPI1_MISO
PA7.Mode=Full_Duplex_Master
PA7.Signal=SPI1_MOSI
PA9.Mode=Asynchronous
PA9.Signal=USART1_TX
PB0.Signal=S_TIM3_CH3
PB1.Signal=S_TIM3_CH4
PC11.Mode=Asynchronous
PC11.Signal=UART4_RX
PC12.Mode=Asynchronous
PC12.Signal=UART5_TX
PC6.Locked=true
PC6.Signal=S_TIM3_CH1
PC7.Locked=true
PC7.Signal=S_TIM3_CH2
PD12.Signal=S_TIM4_CH1
PD13.Signal=S_TIM4_CH2
PD14.Signal=S_TIM4_CH3
PD15.Signal=S_TIM4_CH4
PD2.Mode=Asynchronous
PD2.Signal=UART5_RX
PD5.Mode=Asynchronous
PD5.Signal=USART2_TX
PD6.Locked=true
PD6.Mode=Asynchronous
PD6.Signal=USART2_RX
PE10.GPIOParameters=GPIO_Label
PE10.GPIO_Label=LED_1
PE10.Locked=true
PE10.Signal=GPIO_Output
PE11.GPIOParameters=GPIO_Label
PE11.GPIO_Label=LED_2
PE11.Locked=true
PE11.Signal=GPIO_Output
PE12.GPIOParameters=GPIO_Label
PE12.GPIO_Label=LED_3
PE12.Locked=true
PE12.Signal=GPIO_Output
PG10.GPIOParameters=GPIO_Label
PG10.GPIO_Label=LED_light
PG10.Locked=true
PG10.Signal=GPIO_Output
PG11.GPIOParameters=GPIO_Label
PG11.GPIO_Label=Motor
PG11.Locked=true
PG11.Signal=GPIO_Output
PH0-OSC_IN.Mode=HSE-External-Oscillator
PH0-OSC_IN.Signal=RCC_OSC_IN
PH1-OSC_OUT.Mode=HSE-External-Oscillator
PH1-OSC_OUT.Signal=RCC_OSC_OUT
PinOutPanel.RotationAngle=0
ProjectManager.AskForMigrate=true
ProjectManager.BackupPrevious=false
ProjectManager.CompilerOptimize=6
ProjectManager.ComputerToolchain=false
ProjectManager.CoupleFile=true
ProjectManager.CustomerFirmwarePackage=
ProjectManager.DefaultFWLocation=true
ProjectManager.DeletePrevious=true
ProjectManager.DeviceId=STM32F407ZGTx
ProjectManager.FirmwarePackage=STM32Cube FW_F4 V1.27.1
ProjectManager.FreePins=false
ProjectManager.HalAssertFull=false
ProjectManager.HeapSize=0x200
ProjectManager.KeepUserCode=true
ProjectManager.LastFirmware=true
ProjectManager.LibraryCopy=1
ProjectManager.MainLocation=Core/Src
ProjectManager.NoMain=false
ProjectManager.PreviousToolchain=STM32CubeIDE
ProjectManager.ProjectBuild=false
ProjectManager.ProjectFileName=RoboLab_Pro.ioc
ProjectManager.ProjectName=RoboLab_Pro
ProjectManager.ProjectStructure=
ProjectManager.RegisterCallBack=
ProjectManager.StackSize=0x400
ProjectManager.TargetToolchain=STM32CubeIDE
ProjectManager.ToolChainLocation=
ProjectManager.UnderRoot=true
ProjectManager.functionlistsort=1-MX_GPIO_Init-GPIO-false-HAL-true,2-MX_DMA_Init-DMA-false-HAL-true,3-SystemClock_Config-RCC-false-HAL-false,4-MX_TIM1_Init-TIM1-false-HAL-true,5-MX_TIM3_Init-TIM3-false-HAL-true,6-MX_TIM4_Init-TIM4-false-HAL-true,7-MX_USART1_UART_Init-USART1-false-HAL-true,8-MX_USART2_UART_Init-USART2-false-HAL-true,9-MX_UART4_Init-UART4-false-HAL-true,10-MX_UART5_Init-UART5-false-HAL-true,11-MX_IWDG_Init-IWDG-false-HAL-true,12-MX_SPI1_Init-SPI1-false-HAL-true,13-MX_TIM2_Init-TIM2-false-HAL-true
RCC.48MHZClocksFreq_Value=84000000
RCC.AHBFreq_Value=168000000
RCC.APB1CLKDivider=RCC_HCLK_DIV4
RCC.APB1Freq_Value=42000000
RCC.APB1TimFreq_Value=84000000
RCC.APB2CLKDivider=RCC_HCLK_DIV2
RCC.APB2Freq_Value=84000000
RCC.APB2TimFreq_Value=168000000
RCC.CortexFreq_Value=168000000
RCC.EthernetFreq_Value=168000000
RCC.FCLKCortexFreq_Value=168000000
RCC.FamilyName=M
RCC.HCLKFreq_Value=168000000
RCC.HSE_VALUE=8000000
RCC.HSI_VALUE=16000000
RCC.I2SClocksFreq_Value=192000000
RCC.IPParameters=48MHZClocksFreq_Value,AHBFreq_Value,APB1CLKDivider,APB1Freq_Value,APB1TimFreq_Value,APB2CLKDivider,APB2Freq_Value,APB2TimFreq_Value,CortexFreq_Value,EthernetFreq_Value,FCLKCortexFreq_Value,FamilyName,HCLKFreq_Value,HSE_VALUE,HSI_VALUE,I2SClocksFreq_Value,LSE_VALUE,LSI_VALUE,MCO2PinFreq_Value,PLLCLKFreq_Value,PLLM,PLLN,PLLQCLKFreq_Value,PLLSourceVirtual,RTCFreq_Value,RTCHSEDivFreq_Value,SYSCLKFreq_VALUE,SYSCLKSource,VCOI2SOutputFreq_Value,VCOInputFreq_Value,VCOOutputFreq_Value,VcooutputI2S
RCC.LSE_VALUE=32768
RCC.LSI_VALUE=32000
RCC.MCO2PinFreq_Value=168000000
RCC.PLLCLKFreq_Value=168000000
RCC.PLLM=4
RCC.PLLN=168
RCC.PLLQCLKFreq_Value=84000000
RCC.PLLSourceVirtual=RCC_PLLSOURCE_HSE
RCC.RTCFreq_Value=32000
RCC.RTCHSEDivFreq_Value=4000000
RCC.SYSCLKFreq_VALUE=168000000
RCC.SYSCLKSource=RCC_SYSCLKSOURCE_PLLCLK
RCC.VCOI2SOutputFreq_Value=384000000
RCC.VCOInputFreq_Value=2000000
RCC.VCOOutputFreq_Value=336000000
RCC.VcooutputI2S=192000000
SH.S_TIM2_CH2.0=TIM2_CH2,PWM Generation2 CH2
SH.S_TIM2_CH2.ConfNb=1
SH.S_TIM2_CH3.0=TIM2_CH3,PWM Generation3 CH3
SH.S_TIM2_CH3.ConfNb=1
SH.S_TIM3_CH1.0=TIM3_CH1,PWM Generation1 CH1
SH.S_TIM3_CH1.ConfNb=1
SH.S_TIM3_CH2.0=TIM3_CH2,PWM Generation2 CH2
SH.S_TIM3_CH2.ConfNb=1
SH.S_TIM3_CH3.0=TIM3_CH3,PWM Generation3 CH3
SH.S_TIM3_CH3.ConfNb=1
SH.S_TIM3_CH4.0=TIM3_CH4,PWM Generation4 CH4
SH.S_TIM3_CH4.ConfNb=1
SH.S_TIM4_CH1.0=TIM4_CH1,PWM Generation1 CH1
SH.S_TIM4_CH1.ConfNb=1
SH.S_TIM4_CH2.0=TIM4_CH2,PWM Generation2 CH2
SH.S_TIM4_CH2.ConfNb=1
SH.S_TIM4_CH3.0=TIM4_CH3,PWM Generation3 CH3
SH.S_TIM4_CH3.ConfNb=1
SH.S_TIM4_CH4.0=TIM4_CH4,PWM Generation4 CH4
SH.S_TIM4_CH4.ConfNb=1
SPI1.CalculateBaudRate=42.0 MBits/s
SPI1.Direction=SPI_DIRECTION_2LINES
SPI1.IPParameters=VirtualType,Mode,Direction,CalculateBaudRate
SPI1.Mode=SPI_MODE_MASTER
SPI1.VirtualType=VM_MASTER
TIM1.IPParameters=Prescaler,Period
TIM1.Period=20000
TIM1.Prescaler=83
TIM2.Channel-PWM\ Generation2\ CH2=TIM_CHANNEL_2
TIM2.Channel-PWM\ Generation3\ CH3=TIM_CHANNEL_3
TIM2.IPParameters=Channel-PWM Generation2 CH2,Prescaler,Channel-PWM Generation3 CH3
TIM2.Prescaler=84-1
TIM3.Channel-PWM\ Generation1\ CH1=TIM_CHANNEL_1
TIM3.Channel-PWM\ Generation2\ CH2=TIM_CHANNEL_2
TIM3.Channel-PWM\ Generation3\ CH3=TIM_CHANNEL_3
TIM3.Channel-PWM\ Generation4\ CH4=TIM_CHANNEL_4
TIM3.IPParameters=Channel-PWM Generation1 CH1,Channel-PWM Generation2 CH2,Channel-PWM Generation3 CH3,Channel-PWM Generation4 CH4,Prescaler,Period
TIM3.Period=20000
TIM3.Prescaler=84-1
TIM4.Channel-PWM\ Generation1\ CH1=TIM_CHANNEL_1
TIM4.Channel-PWM\ Generation2\ CH2=TIM_CHANNEL_2
TIM4.Channel-PWM\ Generation3\ CH3=TIM_CHANNEL_3
TIM4.Channel-PWM\ Generation4\ CH4=TIM_CHANNEL_4
TIM4.IPParameters=Channel-PWM Generation1 CH1,Channel-PWM Generation2 CH2,Channel-PWM Generation3 CH3,Channel-PWM Generation4 CH4,Prescaler,Period
TIM4.Period=20000
TIM4.Prescaler=84-1
UART4.IPParameters=VirtualMode
UART4.VirtualMode=Asynchronous
UART5.IPParameters=VirtualMode
UART5.VirtualMode=Asynchronous
USART1.IPParameters=VirtualMode
USART1.VirtualMode=VM_ASYNC
USART2.BaudRate=9600
USART2.IPParameters=VirtualMode,BaudRate
USART2.VirtualMode=VM_ASYNC
VP_FREERTOS_VS_CMSIS_V1.Mode=CMSIS_V1
VP_FREERTOS_VS_CMSIS_V1.Signal=FREERTOS_VS_CMSIS_V1
VP_IWDG_VS_IWDG.Mode=IWDG_Activate
VP_IWDG_VS_IWDG.Signal=IWDG_VS_IWDG
VP_SYS_VS_tim7.Mode=TIM7
VP_SYS_VS_tim7.Signal=SYS_VS_tim7
VP_TIM1_VS_ClockSourceINT.Mode=Internal
VP_TIM1_VS_ClockSourceINT.Signal=TIM1_VS_ClockSourceINT
board=custom
rtos.0.ip=FREERTOS
